
Microsoft Visual Studio Solution File, Format Version 12.00
# Visual Studio Version 16
VisualStudioVersion = 16.0.30406.217
MinimumVisualStudioVersion = 10.0.40219.1
Project("{9A19103F-16F7-4668-BE54-9A1E7A4F7556}") = "ModernERAGateway", "ModernERAGateway\ModernERAGateway.csproj", "{76DF19E2-15C4-4258-9DC2-682FD73EC809}"
EndProject
Project("{FAE04EC0-301F-11D3-BF4B-00C04F79EFBC}") = "ModernERAGateway.Tests", "ModernERAGateway.Tests\ModernERAGateway.Tests.csproj", "{DA9C9CDF-A54B-4EFC-8306-D793B58988CA}"
EndProject
Global
	GlobalSection(SolutionConfigurationPlatforms) = preSolution
		Debug|Any CPU = Debug|Any CPU
		Release|Any CPU = Release|Any CPU
	EndGlobalSection
	GlobalSection(ProjectConfigurationPlatforms) = postSolution
		{76DF19E2-15C4-4258-9DC2-682FD73EC809}.Debug|Any CPU.ActiveCfg = Debug|Any CPU
		{76DF19E2-15C4-4258-9DC2-682FD73EC809}.Debug|Any CPU.Build.0 = Debug|Any CPU
		{76DF19E2-15C4-4258-9DC2-682FD73EC809}.Release|Any CPU.ActiveCfg = Release|Any CPU
		{76DF19E2-15C4-4258-9DC2-682FD73EC809}.Release|Any CPU.Build.0 = Release|Any CPU
		{DA9C9CDF-A54B-4EFC-8306-D793B58988CA}.Debug|Any CPU.ActiveCfg = Debug|Any CPU
		{DA9C9CDF-A54B-4EFC-8306-D793B58988CA}.Debug|Any CPU.Build.0 = Debug|Any CPU
		{DA9C9CDF-A54B-4EFC-8306-D793B58988CA}.Release|Any CPU.ActiveCfg = Release|Any CPU
		{DA9C9CDF-A54B-4EFC-8306-D793B58988CA}.Release|Any CPU.Build.0 = Release|Any CPU
	EndGlobalSection
	GlobalSection(SolutionProperties) = preSolution
		HideSolutionNode = FALSE
	EndGlobalSection
	GlobalSection(ExtensibilityGlobals) = postSolution
		SolutionGuid = {6BE57AA9-21E5-4155-8A9A-AF10D9D61A96}
	EndGlobalSection
EndGlobal
